
Microsoft Visual Studio Solution File, Format Version 12.00
# Visual Studio Version 17
VisualStudioVersion = 17.4.33122.133
MinimumVisualStudioVersion = 10.0.40219.1
Project("{9A19103F-16F7-4668-BE54-9A1E7A4F7556}") = "ETS.web", "ETS.web.csproj", "{58F34BF8-7F39-4FC2-A0C4-0E6936C80D8C}"
EndProject
Global
	GlobalSection(SolutionConfigurationPlatforms) = preSolution
		Debug|Any CPU = Debug|Any CPU
		Release|Any CPU = Release|Any CPU
	EndGlobalSection
	GlobalSection(ProjectConfigurationPlatforms) = postSolution
		{58F34BF8-7F39-4FC2-A0C4-0E6936C80D8C}.Debug|Any CPU.ActiveCfg = Debug|Any CPU
		{58F34BF8-7F39-4FC2-A0C4-0E6936C80D8C}.Debug|Any CPU.Build.0 = Debug|Any CPU
		{58F34BF8-7F39-4FC2-A0C4-0E6936C80D8C}.Release|Any CPU.ActiveCfg = Release|Any CPU
		{58F34BF8-7F39-4FC2-A0C4-0E6936C80D8C}.Release|Any CPU.Build.0 = Release|Any CPU
	EndGlobalSection
	GlobalSection(SolutionProperties) = preSolution
		HideSolutionNode = FALSE
	EndGlobalSection
	GlobalSection(ExtensibilityGlobals) = postSolution
		SolutionGuid = {2AC6199E-4BFB-441C-A0A2-A9356AB0BDE4}
	EndGlobalSection
EndGlobal
